
Microsoft Visual Studio Solution File, Format Version 12.00
# Visual Studio Version 16
VisualStudioVersion = 16.0.31105.61
MinimumVisualStudioVersion = 10.0.40219.1
Project("{FAE04EC0-301F-11D3-BF4B-00C04F79EFBC}") = "APBD_08", "APBD_08.csproj", "{CBEA5A60-4B6E-4A13-8290-F3A2577404C8}"
EndProject
Global
	GlobalSection(SolutionConfigurationPlatforms) = preSolution
		Debug|Any CPU = Debug|Any CPU
		Release|Any CPU = Release|Any CPU
	EndGlobalSection
	GlobalSection(ProjectConfigurationPlatforms) = postSolution
		{CBEA5A60-4B6E-4A13-8290-F3A2577404C8}.Debug|Any CPU.ActiveCfg = Debug|Any CPU
		{CBEA5A60-4B6E-4A13-8290-F3A2577404C8}.Debug|Any CPU.Build.0 = Debug|Any CPU
		{CBEA5A60-4B6E-4A13-8290-F3A2577404C8}.Release|Any CPU.ActiveCfg = Release|Any CPU
		{CBEA5A60-4B6E-4A13-8290-F3A2577404C8}.Release|Any CPU.Build.0 = Release|Any CPU
	EndGlobalSection
	GlobalSection(SolutionProperties) = preSolution
		HideSolutionNode = FALSE
	EndGlobalSection
	GlobalSection(ExtensibilityGlobals) = postSolution
		SolutionGuid = {E6CB3E8C-3475-474D-8CD8-33CCA5BEC1AF}
	EndGlobalSection
EndGlobal
